{
  "name": "Algorithms TS",
  "lockfileVersion": 3,
  "requires": true,
  "packages": {
    "": {
      "dependencies": {
        "queue-typed": "^1.51.9"
      }
    },
    "node_modules/data-structure-typed": {
      "version": "1.52.0",
      "resolved": "https://registry.npmjs.org/data-structure-typed/-/data-structure-typed-1.52.0.tgz",
      "integrity": "sha512-jJhARI44PxwvSIHaTl0FyzrlmJodInT+RiVCSZ1l9WqzENQNrupnzCukmmp7OW1/TQE2d17mQvbdrno/ohFn9Q=="
    },
    "node_modules/queue-typed": {
      "version": "1.51.9",
      "resolved": "https://registry.npmjs.org/queue-typed/-/queue-typed-1.51.9.tgz",
      "integrity": "sha512-R4FoogGvTLr7g+LwE0uMtMWl1lMYa10Ff0xoaorYjC/p0QNNBAy8Gy0r1ekHfLT6hDzvbfoH74tD1iCc8MZhpA==",
      "dependencies": {
        "data-structure-typed": "^1.51.9"
      }
    }
  }
}
